// !$*UTF8*$!
{
	archiveVersion = 1;
	classes = {
	};
	objectVersion = 55;
	objects = {

/* Begin PBXBuildFile section */
		EE50AE4C27C31C9E00FB1538 /* AppDelegate.swift in Sources */ = {isa = PBXBuildFile; fileRef = EE50AE4B27C31C9E00FB1538 /* AppDelegate.swift */; };
		EE50AE4E27C31C9E00FB1538 /* SceneDelegate.swift in Sources */ = {isa = PBXBuildFile; fileRef = EE50AE4D27C31C9E00FB1538 /* SceneDelegate.swift */; };
		EE50AE5027C31C9E00FB1538 /* ViewController.swift in Sources */ = {isa = PBXBuildFile; fileRef = EE50AE4F27C31C9E00FB1538 /* ViewController.swift */; };
		EE50AE5327C31C9E00FB1538 /* Main.storyboard in Resources */ = {isa = PBXBuildFile; fileRef = EE50AE5127C31C9E00FB1538 /* Main.storyboard */; };
		EE50AE5527C31CA000FB1538 /* Assets.xcassets in Resources */ = {isa = PBXBuildFile; fileRef = EE50AE5427C31CA000FB1538 /* Assets.xcassets */; };
		EE50AE5827C31CA000FB1538 /* LaunchScreen.storyboard in Resources */ = {isa = PBXBuildFile; fileRef = EE50AE5627C31CA000FB1538 /* LaunchScreen.storyboard */; };
		EE50AE6327C31CA000FB1538 /* Renda3Tests.swift in Sources */ = {isa = PBXBuildFile; fileRef = EE50AE6227C31CA000FB1538 /* Renda3Tests.swift */; };
		EE50AE6D27C31CA100FB1538 /* Renda3UITests.swift in Sources */ = {isa = PBXBuildFile; fileRef = EE50AE6C27C31CA100FB1538 /* Renda3UITests.swift */; };
		EE50AE6F27C31CA100FB1538 /* Renda3UITestsLaunchTests.swift in Sources */ = {isa = PBXBuildFile; fileRef = EE50AE6E27C31CA100FB1538 /* Renda3UITestsLaunchTests.swift */; };
		EE50AE7D27C3204700FB1538 /* FirebaseFirestore in Frameworks */ = {isa = PBXBuildFile; productRef = EE50AE7C27C3204700FB1538 /* FirebaseFirestore */; };
		EE50AE7F27C320B800FB1538 /* GoogleService-Info.plist in Resources */ = {isa = PBXBuildFile; fileRef = EE50AE7E27C320B700FB1538 /* GoogleService-Info.plist */; };
/* End PBXBuildFile section */

/* Begin PBXContainerItemProxy section */
		EE50AE5F27C31CA000FB1538 /* PBXContainerItemProxy */ = {
			isa = PBXContainerItemProxy;
			containerPortal = EE50AE4027C31C9E00FB1538 /* Project object */;
			proxyType = 1;
			remoteGlobalIDString = EE50AE4727C31C9E00FB1538;
			remoteInfo = Renda3;
		};
		EE50AE6927C31CA100FB1538 /* PBXContainerItemProxy */ = {
			isa = PBXContainerItemProxy;
			containerPortal = EE50AE4027C31C9E00FB1538 /* Project object */;
			proxyType = 1;
			remoteGlobalIDString = EE50AE4727C31C9E00FB1538;
			remoteInfo = Renda3;
		};
/* End PBXContainerItemProxy section */

/* Begin PBXFileReference section */
		EE50AE4827C31C9E00FB1538 /* Renda3.app */ = {isa = PBXFileReference; explicitFileType = wrapper.application; includeInIndex = 0; path = Renda3.app; sourceTree = BUILT_PRODUCTS_DIR; };
		EE50AE4B27C31C9E00FB1538 /* AppDelegate.swift */ = {isa = PBXFileReference; lastKnownFileType = sourcecode.swift; path = AppDelegate.swift; sourceTree = "<group>"; };
		EE50AE4D27C31C9E00FB1538 /* SceneDelegate.swift */ = {isa = PBXFileReference; lastKnownFileType = sourcecode.swift; path = SceneDelegate.swift; sourceTree = "<group>"; };
		EE50AE4F27C31C9E00FB1538 /* ViewController.swift */ = {isa = PBXFileReference; lastKnownFileType = sourcecode.swift; path = ViewController.swift; sourceTree = "<group>"; };
		EE50AE5227C31C9E00FB1538 /* Base */ = {isa = PBXFileReference; lastKnownFileType = file.storyboard; name = Base; path = Base.lproj/Main.storyboard; sourceTree = "<group>"; };
		EE50AE5427C31CA000FB1538 /* Assets.xcassets */ = {isa = PBXFileReference; lastKnownFileType = folder.assetcatalog; path = Assets.xcassets; sourceTree = "<group>"; };
		EE50AE5727C31CA000FB1538 /* Base */ = {isa = PBXFileReference; lastKnownFileType = file.storyboard; name = Base; path = Base.lproj/LaunchScreen.storyboard; sourceTree = "<group>"; };
		EE50AE5927C31CA000FB1538 /* Info.plist */ = {isa = PBXFileReference; lastKnownFileType = text.plist.xml; path = Info.plist; sourceTree = "<group>"; };
		EE50AE5E27C31CA000FB1538 /* Renda3Tests.xctest */ = {isa = PBXFileReference; explicitFileType = wrapper.cfbundle; includeInIndex = 0; path = Renda3Tests.xctest; sourceTree = BUILT_PRODUCTS_DIR; };
		EE50AE6227C31CA000FB1538 /* Renda3Tests.swift */ = {isa = PBXFileReference; lastKnownFileType = sourcecode.swift; path = Renda3Tests.swift; sourceTree = "<group>"; };
		EE50AE6827C31CA100FB1538 /* Renda3UITests.xctest */ = {isa = PBXFileReference; explicitFileType = wrapper.cfbundle; includeInIndex = 0; path = Renda3UITests.xctest; sourceTree = BUILT_PRODUCTS_DIR; };
		EE50AE6C27C31CA100FB1538 /* Renda3UITests.swift */ = {isa = PBXFileReference; lastKnownFileType = sourcecode.swift; path = Renda3UITests.swift; sourceTree = "<group>"; };
		EE50AE6E27C31CA100FB1538 /* Renda3UITestsLaunchTests.swift */ = {isa = PBXFileReference; lastKnownFileType = sourcecode.swift; path = Renda3UITestsLaunchTests.swift; sourceTree = "<group>"; };
		EE50AE7E27C320B700FB1538 /* GoogleService-Info.plist */ = {isa = PBXFileReference; fileEncoding = 4; lastKnownFileType = text.plist.xml; path = "GoogleService-Info.plist"; sourceTree = "<group>"; };
/* End PBXFileReference section */

/* Begin PBXFrameworksBuildPhase section */
		EE50AE4527C31C9E00FB1538 /* Frameworks */ = {
			isa = PBXFrameworksBuildPhase;
			buildActionMask = 2147483647;
			files = (
				EE50AE7D27C3204700FB1538 /* FirebaseFirestore in Frameworks */,
			);
			runOnlyForDeploymentPostprocessing = 0;
		};
		EE50AE5B27C31CA000FB1538 /* Frameworks */ = {
			isa = PBXFrameworksBuildPhase;
			buildActionMask = 2147483647;
			files = (
			);
			runOnlyForDeploymentPostprocessing = 0;
		};
		EE50AE6527C31CA000FB1538 /* Frameworks */ = {
			isa = PBXFrameworksBuildPhase;
			buildActionMask = 2147483647;
			files = (
			);
			runOnlyForDeploymentPostprocessing = 0;
		};
/* End PBXFrameworksBuildPhase section */

/* Begin PBXGroup section */
		EE50AE3F27C31C9E00FB1538 = {
			isa = PBXGroup;
			children = (
				EE50AE4A27C31C9E00FB1538 /* Renda3 */,
				EE50AE6127C31CA000FB1538 /* Renda3Tests */,
				EE50AE6B27C31CA100FB1538 /* Renda3UITests */,
				EE50AE4927C31C9E00FB1538 /* Products */,
			);
			sourceTree = "<group>";
		};
		EE50AE4927C31C9E00FB1538 /* Products */ = {
			isa = PBXGroup;
			children = (
				EE50AE4827C31C9E00FB1538 /* Renda3.app */,
				EE50AE5E27C31CA000FB1538 /* Renda3Tests.xctest */,
				EE50AE6827C31CA100FB1538 /* Renda3UITests.xctest */,
			);
			name = Products;
			sourceTree = "<group>";
		};
		EE50AE4A27C31C9E00FB1538 /* Renda3 */ = {
			isa = PBXGroup;
			children = (
				EE50AE4B27C31C9E00FB1538 /* AppDelegate.swift */,
				EE50AE4D27C31C9E00FB1538 /* SceneDelegate.swift */,
				EE50AE4F27C31C9E00FB1538 /* ViewController.swift */,
				EE50AE5127C31C9E00FB1538 /* Main.storyboard */,
				EE50AE5427C31CA000FB1538 /* Assets.xcassets */,
				EE50AE5627C31CA000FB1538 /* LaunchScreen.storyboard */,
				EE50AE5927C31CA000FB1538 /* Info.plist */,
				EE50AE7E27C320B700FB1538 /* GoogleService-Info.plist */,
			);
			path = Renda3;
			sourceTree = "<group>";
		};
		EE50AE6127C31CA000FB1538 /* Renda3Tests */ = {
			isa = PBXGroup;
			children = (
				EE50AE6227C31CA000FB1538 /* Renda3Tests.swift */,
			);
			path = Renda3Tests;
			sourceTree = "<group>";
		};
		EE50AE6B27C31CA100FB1538 /* Renda3UITests */ = {
			isa = PBXGroup;
			children = (
				EE50AE6C27C31CA100FB1538 /* Renda3UITests.swift */,
				EE50AE6E27C31CA100FB1538 /* Renda3UITestsLaunchTests.swift */,
			);
			path = Renda3UITests;
			sourceTree = "<group>";
		};
/* End PBXGroup section */

/* Begin PBXNativeTarget section */
		EE50AE4727C31C9E00FB1538 /* Renda3 */ = {
			isa = PBXNativeTarget;
			buildConfigurationList = EE50AE7227C31CA100FB1538 /* Build configuration list for PBXNativeTarget "Renda3" */;
			buildPhases = (
				EE50AE4427C31C9E00FB1538 /* Sources */,
				EE50AE4527C31C9E00FB1538 /* Frameworks */,
				EE50AE4627C31C9E00FB1538 /* Resources */,
			);
			buildRules = (
			);
			dependencies = (
			);
			name = Renda3;
			packageProductDependencies = (
				EE50AE7C27C3204700FB1538 /* FirebaseFirestore */,
			);
			productName = Renda3;
			productReference = EE50AE4827C31C9E00FB1538 /* Renda3.app */;
			productType = "com.apple.product-type.application";
		};
		EE50AE5D27C31CA000FB1538 /* Renda3Tests */ = {
			isa = PBXNativeTarget;
			buildConfigurationList = EE50AE7527C31CA100FB1538 /* Build configuration list for PBXNativeTarget "Renda3Tests" */;
			buildPhases = (
				EE50AE5A27C31CA000FB1538 /* Sources */,
				EE50AE5B27C31CA000FB1538 /* Frameworks */,
				EE50AE5C27C31CA000FB1538 /* Resources */,
			);
			buildRules = (
			);
			dependencies = (
				EE50AE6027C31CA000FB1538 /* PBXTargetDependency */,
			);
			name = Renda3Tests;
			productName = Renda3Tests;
			productReference = EE50AE5E27C31CA000FB1538 /* Renda3Tests.xctest */;
			productType = "com.apple.product-type.bundle.unit-test";
		};
		EE50AE6727C31CA000FB1538 /* Renda3UITests */ = {
			isa = PBXNativeTarget;
			buildConfigurationList = EE50AE7827C31CA100FB1538 /* Build configuration list for PBXNativeTarget "Renda3UITests" */;
			buildPhases = (
				EE50AE6427C31CA000FB1538 /* Sources */,
				EE50AE6527C31CA000FB1538 /* Frameworks */,
				EE50AE6627C31CA000FB1538 /* Resources */,
			);
			buildRules = (
			);
			dependencies = (
				EE50AE6A27C31CA100FB1538 /* PBXTargetDependency */,
			);
			name = Renda3UITests;
			productName = Renda3UITests;
			productReference = EE50AE6827C31CA100FB1538 /* Renda3UITests.xctest */;
			productType = "com.apple.product-type.bundle.ui-testing";
		};
/* End PBXNativeTarget section */

/* Begin PBXProject section */
		EE50AE4027C31C9E00FB1538 /* Project object */ = {
			isa = PBXProject;
			attributes = {
				BuildIndependentTargetsInParallel = 1;
				LastSwiftUpdateCheck = 1320;
				LastUpgradeCheck = 1320;
				TargetAttributes = {
					EE50AE4727C31C9E00FB1538 = {
						CreatedOnToolsVersion = 13.2.1;
					};
					EE50AE5D27C31CA000FB1538 = {
						CreatedOnToolsVersion = 13.2.1;
						TestTargetID = EE50AE4727C31C9E00FB1538;
					};
					EE50AE6727C31CA000FB1538 = {
						CreatedOnToolsVersion = 13.2.1;
						TestTargetID = EE50AE4727C31C9E00FB1538;
					};
				};
			};
			buildConfigurationList = EE50AE4327C31C9E00FB1538 /* Build configuration list for PBXProject "Renda3" */;
			compatibilityVersion = "Xcode 13.0";
			developmentRegion = en;
			hasScannedForEncodings = 0;
			knownRegions = (
				en,
				Base,
			);
			mainGroup = EE50AE3F27C31C9E00FB1538;
			packageReferences = (
				EE50AE7B27C3204700FB1538 /* XCRemoteSwiftPackageReference "firebase-ios-sdk" */,
			);
			productRefGroup = EE50AE4927C31C9E00FB1538 /* Products */;
			projectDirPath = "";
			projectRoot = "";
			targets = (
				EE50AE4727C31C9E00FB1538 /* Renda3 */,
				EE50AE5D27C31CA000FB1538 /* Renda3Tests */,
				EE50AE6727C31CA000FB1538 /* Renda3UITests */,
			);
		};
/* End PBXProject section */

/* Begin PBXResourcesBuildPhase section */
		EE50AE4627C31C9E00FB1538 /* Resources */ = {
			isa = PBXResourcesBuildPhase;
			buildActionMask = 2147483647;
			files = (
				EE50AE5827C31CA000FB1538 /* LaunchScreen.storyboard in Resources */,
				EE50AE7F27C320B800FB1538 /* GoogleService-Info.plist in Resources */,
				EE50AE5527C31CA000FB1538 /* Assets.xcassets in Resources */,
				EE50AE5327C31C9E00FB1538 /* Main.storyboard in Resources */,
			);
			runOnlyForDeploymentPostprocessing = 0;
		};
		EE50AE5C27C31CA000FB1538 /* Resources */ = {
			isa = PBXResourcesBuildPhase;
			buildActionMask = 2147483647;
			files = (
			);
			runOnlyForDeploymentPostprocessing = 0;
		};
		EE50AE6627C31CA000FB1538 /* Resources */ = {
			isa = PBXResourcesBuildPhase;
			buildActionMask = 2147483647;
			files = (
			);
			runOnlyForDeploymentPostprocessing = 0;
		};
/* End PBXResourcesBuildPhase section */

/* Begin PBXSourcesBuildPhase section */
		EE50AE4427C31C9E00FB1538 /* Sources */ = {
			isa = PBXSourcesBuildPhase;
			buildActionMask = 2147483647;
			files = (
				EE50AE5027C31C9E00FB1538 /* ViewController.swift in Sources */,
				EE50AE4C27C31C9E00FB1538 /* AppDelegate.swift in Sources */,
				EE50AE4E27C31C9E00FB1538 /* SceneDelegate.swift in Sources */,
			);
			runOnlyForDeploymentPostprocessing = 0;
		};
		EE50AE5A27C31CA000FB1538 /* Sources */ = {
			isa = PBXSourcesBuildPhase;
			buildActionMask = 2147483647;
			files = (
				EE50AE6327C31CA000FB1538 /* Renda3Tests.swift in Sources */,
			);
			runOnlyForDeploymentPostprocessing = 0;
		};
		EE50AE6427C31CA000FB1538 /* Sources */ = {
			isa = PBXSourcesBuildPhase;
			buildActionMask = 2147483647;
			files = (
				EE50AE6D27C31CA100FB1538 /* Renda3UITests.swift in Sources */,
				EE50AE6F27C31CA100FB1538 /* Renda3UITestsLaunchTests.swift in Sources */,
			);
			runOnlyForDeploymentPostprocessing = 0;
		};
/* End PBXSourcesBuildPhase section */

/* Begin PBXTargetDependency section */
		EE50AE6027C31CA000FB1538 /* PBXTargetDependency */ = {
			isa = PBXTargetDependency;
			target = EE50AE4727C31C9E00FB1538 /* Renda3 */;
			targetProxy = EE50AE5F27C31CA000FB1538 /* PBXContainerItemProxy */;
		};
		EE50AE6A27C31CA100FB1538 /* PBXTargetDependency */ = {
			isa = PBXTargetDependency;
			target = EE50AE4727C31C9E00FB1538 /* Renda3 */;
			targetProxy = EE50AE6927C31CA100FB1538 /* PBXContainerItemProxy */;
		};
/* End PBXTargetDependency section */

/* Begin PBXVariantGroup section */
		EE50AE5127C31C9E00FB1538 /* Main.storyboard */ = {
			isa = PBXVariantGroup;
			children = (
				EE50AE5227C31C9E00FB1538 /* Base */,
			);
			name = Main.storyboard;
			sourceTree = "<group>";
		};
		EE50AE5627C31CA000FB1538 /* LaunchScreen.storyboard */ = {
			isa = PBXVariantGroup;
			children = (
				EE50AE5727C31CA000FB1538 /* Base */,
			);
			name = LaunchScreen.storyboard;
			sourceTree = "<group>";
		};
/* End PBXVariantGroup section */

/* Begin XCBuildConfiguration section */
		EE50AE7027C31CA100FB1538 /* Debug */ = {
			isa = XCBuildConfiguration;
			buildSettings = {
				ALWAYS_SEARCH_USER_PATHS = NO;
				CLANG_ANALYZER_NONNULL = YES;
				CLANG_ANALYZER_NUMBER_OBJECT_CONVERSION = YES_AGGRESSIVE;
				CLANG_CXX_LANGUAGE_STANDARD = "gnu++17";
				CLANG_CXX_LIBRARY = "libc++";
				CLANG_ENABLE_MODULES = YES;
				CLANG_ENABLE_OBJC_ARC = YES;
				CLANG_ENABLE_OBJC_WEAK = YES;
				CLANG_WARN_BLOCK_CAPTURE_AUTORELEASING = YES;
				CLANG_WARN_BOOL_CONVERSION = YES;
				CLANG_WARN_COMMA = YES;
				CLANG_WARN_CONSTANT_CONVERSION = YES;
				CLANG_WARN_DEPRECATED_OBJC_IMPLEMENTATIONS = YES;
				CLANG_WARN_DIRECT_OBJC_ISA_USAGE = YES_ERROR;
				CLANG_WARN_DOCUMENTATION_COMMENTS = YES;
				CLANG_WARN_EMPTY_BODY = YES;
				CLANG_WARN_ENUM_CONVERSION = YES;
				CLANG_WARN_INFINITE_RECURSION = YES;
				CLANG_WARN_INT_CONVERSION = YES;
				CLANG_WARN_NON_LITERAL_NULL_CONVERSION = YES;
				CLANG_WARN_OBJC_IMPLICIT_RETAIN_SELF = YES;
				CLANG_WARN_OBJC_LITERAL_CONVERSION = YES;
				CLANG_WARN_OBJC_ROOT_CLASS = YES_ERROR;
				CLANG_WARN_QUOTED_INCLUDE_IN_FRAMEWORK_HEADER = YES;
				CLANG_WARN_RANGE_LOOP_ANALYSIS = YES;
				CLANG_WARN_STRICT_PROTOTYPES = YES;
				CLANG_WARN_SUSPICIOUS_MOVE = YES;
				CLANG_WARN_UNGUARDED_AVAILABILITY = YES_AGGRESSIVE;
				CLANG_WARN_UNREACHABLE_CODE = YES;
				CLANG_WARN__DUPLICATE_METHOD_MATCH = YES;
				COPY_PHASE_STRIP = NO;
				DEBUG_INFORMATION_FORMAT = dwarf;
				ENABLE_STRICT_OBJC_MSGSEND = YES;
				ENABLE_TESTABILITY = YES;
				GCC_C_LANGUAGE_STANDARD = gnu11;
				GCC_DYNAMIC_NO_PIC = NO;
				GCC_NO_COMMON_BLOCKS = YES;
				GCC_OPTIMIZATION_LEVEL = 0;
				GCC_PREPROCESSOR_DEFINITIONS = (
					"DEBUG=1",
					"$(inherited)",
				);
				GCC_WARN_64_TO_32_BIT_CONVERSION = YES;
				GCC_WARN_ABOUT_RETURN_TYPE = YES_ERROR;
				GCC_WARN_UNDECLARED_SELECTOR = YES;
				GCC_WARN_UNINITIALIZED_AUTOS = YES_AGGRESSIVE;
				GCC_WARN_UNUSED_FUNCTION = YES;
				GCC_WARN_UNUSED_VARIABLE = YES;
				IPHONEOS_DEPLOYMENT_TARGET = 15.2;
				MTL_ENABLE_DEBUG_INFO = INCLUDE_SOURCE;
				MTL_FAST_MATH = YES;
				ONLY_ACTIVE_ARCH = YES;
				SDKROOT = iphoneos;
				SWIFT_ACTIVE_COMPILATION_CONDITIONS = DEBUG;
				SWIFT_OPTIMIZATION_LEVEL = "-Onone";
			};
			name = Debug;
		};
		EE50AE7127C31CA100FB1538 /* Release */ = {
			isa = XCBuildConfiguration;
			buildSettings = {
				ALWAYS_SEARCH_USER_PATHS = NO;
				CLANG_ANALYZER_NONNULL = YES;
				CLANG_ANALYZER_NUMBER_OBJECT_CONVERSION = YES_AGGRESSIVE;
				CLANG_CXX_LANGUAGE_STANDARD = "gnu++17";
				CLANG_CXX_LIBRARY = "libc++";
				CLANG_ENABLE_MODULES = YES;
				CLANG_ENABLE_OBJC_ARC = YES;
				CLANG_ENABLE_OBJC_WEAK = YES;
				CLANG_WARN_BLOCK_CAPTURE_AUTORELEASING = YES;
				CLANG_WARN_BOOL_CONVERSION = YES;
				CLANG_WARN_COMMA = YES;
				CLANG_WARN_CONSTANT_CONVERSION = YES;
				CLANG_WARN_DEPRECATED_OBJC_IMPLEMENTATIONS = YES;
				CLANG_WARN_DIRECT_OBJC_ISA_USAGE = YES_ERROR;
				CLANG_WARN_DOCUMENTATION_COMMENTS = YES;
				CLANG_WARN_EMPTY_BODY = YES;
				CLANG_WARN_ENUM_CONVERSION = YES;
				CLANG_WARN_INFINITE_RECURSION = YES;
				CLANG_WARN_INT_CONVERSION = YES;
				CLANG_WARN_NON_LITERAL_NULL_CONVERSION = YES;
				CLANG_WARN_OBJC_IMPLICIT_RETAIN_SELF = YES;
				CLANG_WARN_OBJC_LITERAL_CONVERSION = YES;
				CLANG_WARN_OBJC_ROOT_CLASS = YES_ERROR;
				CLANG_WARN_QUOTED_INCLUDE_IN_FRAMEWORK_HEADER = YES;
				CLANG_WARN_RANGE_LOOP_ANALYSIS = YES;
				CLANG_WARN_STRICT_PROTOTYPES = YES;
				CLANG_WARN_SUSPICIOUS_MOVE = YES;
				CLANG_WARN_UNGUARDED_AVAILABILITY = YES_AGGRESSIVE;
				CLANG_WARN_UNREACHABLE_CODE = YES;
				CLANG_WARN__DUPLICATE_METHOD_MATCH = YES;
				COPY_PHASE_STRIP = NO;
				DEBUG_INFORMATION_FORMAT = "dwarf-with-dsym";
				ENABLE_NS_ASSERTIONS = NO;
				ENABLE_STRICT_OBJC_MSGSEND = YES;
				GCC_C_LANGUAGE_STANDARD = gnu11;
				GCC_NO_COMMON_BLOCKS = YES;
				GCC_WARN_64_TO_32_BIT_CONVERSION = YES;
				GCC_WARN_ABOUT_RETURN_TYPE = YES_ERROR;
				GCC_WARN_UNDECLARED_SELECTOR = YES;
				GCC_WARN_UNINITIALIZED_AUTOS = YES_AGGRESSIVE;
				GCC_WARN_UNUSED_FUNCTION = YES;
				GCC_WARN_UNUSED_VARIABLE = YES;
				IPHONEOS_DEPLOYMENT_TARGET = 15.2;
				MTL_ENABLE_DEBUG_INFO = NO;
				MTL_FAST_MATH = YES;
				SDKROOT = iphoneos;
				SWIFT_COMPILATION_MODE = wholemodule;
				SWIFT_OPTIMIZATION_LEVEL = "-O";
				VALIDATE_PRODUCT = YES;
			};
			name = Release;
		};
		EE50AE7327C31CA100FB1538 /* Debug */ = {
			isa = XCBuildConfiguration;
			buildSettings = {
				ASSETCATALOG_COMPILER_APPICON_NAME = AppIcon;
				ASSETCATALOG_COMPILER_GLOBAL_ACCENT_COLOR_NAME = AccentColor;
				CODE_SIGN_STYLE = Automatic;
				CURRENT_PROJECT_VERSION = 1;
				DEVELOPMENT_TEAM = ZC69669R63;
				GENERATE_INFOPLIST_FILE = YES;
				INFOPLIST_FILE = Renda3/Info.plist;
				INFOPLIST_KEY_UIApplicationSupportsIndirectInputEvents = YES;
				INFOPLIST_KEY_UILaunchStoryboardName = LaunchScreen;
				INFOPLIST_KEY_UIMainStoryboardFile = Main;
				INFOPLIST_KEY_UISupportedInterfaceOrientations_iPad = "UIInterfaceOrientationPortrait UIInterfaceOrientationPortraitUpsideDown UIInterfaceOrientationLandscapeLeft UIInterfaceOrientationLandscapeRight";
				INFOPLIST_KEY_UISupportedInterfaceOrientations_iPhone = "UIInterfaceOrientationPortrait UIInterfaceOrientationLandscapeLeft UIInterfaceOrientationLandscapeRight";
				LD_RUNPATH_SEARCH_PATHS = (
					"$(inherited)",
					"@executable_path/Frameworks",
				);
				MARKETING_VERSION = 1.0;
				PRODUCT_BUNDLE_IDENTIFIER = Kony.Renda3;
				PRODUCT_NAME = "$(TARGET_NAME)";
				SWIFT_EMIT_LOC_STRINGS = YES;
				SWIFT_VERSION = 5.0;
				TARGETED_DEVICE_FAMILY = "1,2";
			};
			name = Debug;
		};
		EE50AE7427C31CA100FB1538 /* Release */ = {
			isa = XCBuildConfiguration;
			buildSettings = {
				ASSETCATALOG_COMPILER_APPICON_NAME = AppIcon;
				ASSETCATALOG_COMPILER_GLOBAL_ACCENT_COLOR_NAME = AccentColor;
				CODE_SIGN_STYLE = Automatic;
				CURRENT_PROJECT_VERSION = 1;
				DEVELOPMENT_TEAM = ZC69669R63;
				GENERATE_INFOPLIST_FILE = YES;
				INFOPLIST_FILE = Renda3/Info.plist;
				INFOPLIST_KEY_UIApplicationSupportsIndirectInputEvents = YES;
				INFOPLIST_KEY_UILaunchStoryboardName = LaunchScreen;
				INFOPLIST_KEY_UIMainStoryboardFile = Main;
				INFOPLIST_KEY_UISupportedInterfaceOrientations_iPad = "UIInterfaceOrientationPortrait UIInterfaceOrientationPortraitUpsideDown UIInterfaceOrientationLandscapeLeft UIInterfaceOrientationLandscapeRight";
				INFOPLIST_KEY_UISupportedInterfaceOrientations_iPhone = "UIInterfaceOrientationPortrait UIInterfaceOrientationLandscapeLeft UIInterfaceOrientationLandscapeRight";
				LD_RUNPATH_SEARCH_PATHS = (
					"$(inherited)",
					"@executable_path/Frameworks",
				);
				MARKETING_VERSION = 1.0;
				PRODUCT_BUNDLE_IDENTIFIER = Kony.Renda3;
				PRODUCT_NAME = "$(TARGET_NAME)";
				SWIFT_EMIT_LOC_STRINGS = YES;
				SWIFT_VERSION = 5.0;
				TARGETED_DEVICE_FAMILY = "1,2";
			};
			name = Release;
		};
		EE50AE7627C31CA100FB1538 /* Debug */ = {
			isa = XCBuildConfiguration;
			buildSettings = {
				ALWAYS_EMBED_SWIFT_STANDARD_LIBRARIES = YES;
				BUNDLE_LOADER = "$(TEST_HOST)";
				CODE_SIGN_STYLE = Automatic;
				CURRENT_PROJECT_VERSION = 1;
				DEVELOPMENT_TEAM = ZC69669R63;
				GENERATE_INFOPLIST_FILE = YES;
				IPHONEOS_DEPLOYMENT_TARGET = 15.2;
				MARKETING_VERSION = 1.0;
				PRODUCT_BUNDLE_IDENTIFIER = Kony.Renda3Tests;
				PRODUCT_NAME = "$(TARGET_NAME)";
				SWIFT_EMIT_LOC_STRINGS = NO;
				SWIFT_VERSION = 5.0;
				TARGETED_DEVICE_FAMILY = "1,2";
				TEST_HOST = "$(BUILT_PRODUCTS_DIR)/Renda3.app/Renda3";
			};
			name = Debug;
		};
		EE50AE7727C31CA100FB1538 /* Release */ = {
			isa = XCBuildConfiguration;
			buildSettings = {
				ALWAYS_EMBED_SWIFT_STANDARD_LIBRARIES = YES;
				BUNDLE_LOADER = "$(TEST_HOST)";
				CODE_SIGN_STYLE = Automatic;
				CURRENT_PROJECT_VERSION = 1;
				DEVELOPMENT_TEAM = ZC69669R63;
				GENERATE_INFOPLIST_FILE = YES;
				IPHONEOS_DEPLOYMENT_TARGET = 15.2;
				MARKETING_VERSION = 1.0;
				PRODUCT_BUNDLE_IDENTIFIER = Kony.Renda3Tests;
				PRODUCT_NAME = "$(TARGET_NAME)";
				SWIFT_EMIT_LOC_STRINGS = NO;
				SWIFT_VERSION = 5.0;
				TARGETED_DEVICE_FAMILY = "1,2";
				TEST_HOST = "$(BUILT_PRODUCTS_DIR)/Renda3.app/Renda3";
			};
			name = Release;
		};
		EE50AE7927C31CA100FB1538 /* Debug */ = {
			isa = XCBuildConfiguration;
			buildSettings = {
				ALWAYS_EMBED_SWIFT_STANDARD_LIBRARIES = YES;
				CODE_SIGN_STYLE = Automatic;
				CURRENT_PROJECT_VERSION = 1;
				DEVELOPMENT_TEAM = ZC69669R63;
				GENERATE_INFOPLIST_FILE = YES;
				MARKETING_VERSION = 1.0;
				PRODUCT_BUNDLE_IDENTIFIER = Kony.Renda3UITests;
				PRODUCT_NAME = "$(TARGET_NAME)";
				SWIFT_EMIT_LOC_STRINGS = NO;
				SWIFT_VERSION = 5.0;
				TARGETED_DEVICE_FAMILY = "1,2";
				TEST_TARGET_NAME = Renda3;
			};
			name = Debug;
		};
		EE50AE7A27C31CA100FB1538 /* Release */ = {
			isa = XCBuildConfiguration;
			buildSettings = {
				ALWAYS_EMBED_SWIFT_STANDARD_LIBRARIES = YES;
				CODE_SIGN_STYLE = Automatic;
				CURRENT_PROJECT_VERSION = 1;
				DEVELOPMENT_TEAM = ZC69669R63;
				GENERATE_INFOPLIST_FILE = YES;
				MARKETING_VERSION = 1.0;
				PRODUCT_BUNDLE_IDENTIFIER = Kony.Renda3UITests;
				PRODUCT_NAME = "$(TARGET_NAME)";
				SWIFT_EMIT_LOC_STRINGS = NO;
				SWIFT_VERSION = 5.0;
				TARGETED_DEVICE_FAMILY = "1,2";
				TEST_TARGET_NAME = Renda3;
			};
			name = Release;
		};
/* End XCBuildConfiguration section */

/* Begin XCConfigurationList section */
		EE50AE4327C31C9E00FB1538 /* Build configuration list for PBXProject "Renda3" */ = {
			isa = XCConfigurationList;
			buildConfigurations = (
				EE50AE7027C31CA100FB1538 /* Debug */,
				EE50AE7127C31CA100FB1538 /* Release */,
			);
			defaultConfigurationIsVisible = 0;
			defaultConfigurationName = Release;
		};
		EE50AE7227C31CA100FB1538 /* Build configuration list for PBXNativeTarget "Renda3" */ = {
			isa = XCConfigurationList;
			buildConfigurations = (
				EE50AE7327C31CA100FB1538 /* Debug */,
				EE50AE7427C31CA100FB1538 /* Release */,
			);
			defaultConfigurationIsVisible = 0;
			defaultConfigurationName = Release;
		};
		EE50AE7527C31CA100FB1538 /* Build configuration list for PBXNativeTarget "Renda3Tests" */ = {
			isa = XCConfigurationList;
			buildConfigurations = (
				EE50AE7627C31CA100FB1538 /* Debug */,
				EE50AE7727C31CA100FB1538 /* Release */,
			);
			defaultConfigurationIsVisible = 0;
			defaultConfigurationName = Release;
		};
		EE50AE7827C31CA100FB1538 /* Build configuration list for PBXNativeTarget "Renda3UITests" */ = {
			isa = XCConfigurationList;
			buildConfigurations = (
				EE50AE7927C31CA100FB1538 /* Debug */,
				EE50AE7A27C31CA100FB1538 /* Release */,
			);
			defaultConfigurationIsVisible = 0;
			defaultConfigurationName = Release;
		};
/* End XCConfigurationList section */

/* Begin XCRemoteSwiftPackageReference section */
		EE50AE7B27C3204700FB1538 /* XCRemoteSwiftPackageReference "firebase-ios-sdk" */ = {
			isa = XCRemoteSwiftPackageReference;
			repositoryURL = "https://github.com/firebase/firebase-ios-sdk.git";
			requirement = {
				kind = upToNextMajorVersion;
				minimumVersion = 8.0.0;
			};
		};
/* End XCRemoteSwiftPackageReference section */

/* Begin XCSwiftPackageProductDependency section */
		EE50AE7C27C3204700FB1538 /* FirebaseFirestore */ = {
			isa = XCSwiftPackageProductDependency;
			package = EE50AE7B27C3204700FB1538 /* XCRemoteSwiftPackageReference "firebase-ios-sdk" */;
			productName = FirebaseFirestore;
		};
/* End XCSwiftPackageProductDependency section */
	};
	rootObject = EE50AE4027C31C9E00FB1538 /* Project object */;
}
